{
  "name": "status-server",
  "version": "1.0.0",
  "lockfileVersion": 1,
  "requires": true,
  "dependencies": {
    "cpu-stat": {
      "version": "2.0.1",
      "resolved": "https://registry.npmjs.org/cpu-stat/-/cpu-stat-2.0.1.tgz",
      "integrity": "sha1-UB6NbdLUTO9dhCk5w40YIsB4/Kw="
    },
    "systeminformation": {
      "version": "3.52.2",
      "resolved": "https://registry.npmjs.org/systeminformation/-/systeminformation-3.52.2.tgz",
      "integrity": "sha512-Asr3Gum9AnemnrVq19P01+OnJk5TdxnBGDVnYN3koKBzgoG8WbsAtL4qIYp3Mc7e/KNXSrYyaVn8b6jjzwfDQQ=="
    }
  }
}
